
Microsoft Visual Studio Solution File, Format Version 12.00
# Visual Studio Version 16
VisualStudioVersion = 16.0.30011.22
MinimumVisualStudioVersion = 10.0.40219.1
Project("{888888A0-9F3D-457C-B088-3A5042F75D52}") = "Online_translator", "Online_translator.pyproj", "{9AF99B13-5A36-4DAE-B7C6-F67260233C89}"
EndProject
Global
	GlobalSection(SolutionConfigurationPlatforms) = preSolution
		Debug|Any CPU = Debug|Any CPU
		Release|Any CPU = Release|Any CPU
	EndGlobalSection
	GlobalSection(ProjectConfigurationPlatforms) = postSolution
		{9AF99B13-5A36-4DAE-B7C6-F67260233C89}.Debug|Any CPU.ActiveCfg = Debug|Any CPU
		{9AF99B13-5A36-4DAE-B7C6-F67260233C89}.Release|Any CPU.ActiveCfg = Release|Any CPU
	EndGlobalSection
	GlobalSection(SolutionProperties) = preSolution
		HideSolutionNode = FALSE
	EndGlobalSection
	GlobalSection(ExtensibilityGlobals) = postSolution
		SolutionGuid = {C9F12B84-3574-4EFE-B3A1-7BD4C0C4B37D}
	EndGlobalSection
EndGlobal
